// !$*UTF8*$!
{
	archiveVersion = 1;
	classes = {
	};
	objectVersion = 54;
	objects = {

/* Begin PBXBuildFile section */
		00E356F31AD99517003FC87E /* GSTCOMMANTests.m in Sources */ = {isa = PBXBuildFile; fileRef = 00E356F21AD99517003FC87E /* GSTCOMMANTests.m */; };
		13B07FBC1A68108700A75B9A /* AppDelegate.m in Sources */ = {isa = PBXBuildFile; fileRef = 13B07FB01A68108700A75B9A /* AppDelegate.m */; };
		13B07FBF1A68108700A75B9A /* Images.xcassets in Resources */ = {isa = PBXBuildFile; fileRef = 13B07FB51A68108700A75B9A /* Images.xcassets */; };
		13B07FC11A68108700A75B9A /* main.m in Sources */ = {isa = PBXBuildFile; fileRef = 13B07FB71A68108700A75B9A /* main.m */; };
		26FF029B6329AE0DD5CB898B /* libPods-GSTCOMMAN.a in Frameworks */ = {isa = PBXBuildFile; fileRef = 89EBFE912948194363C742A1 /* libPods-GSTCOMMAN.a */; };
		6E8DC30E9B31187C6915C632 /* libPods-GSTCOMMAN-GSTCOMMANTests.a in Frameworks */ = {isa = PBXBuildFile; fileRef = D5E46E4D52D0912ABF13AFD9 /* libPods-GSTCOMMAN-GSTCOMMANTests.a */; };
		81AB9BB82411601600AC10FF /* LaunchScreen.storyboard in Resources */ = {isa = PBXBuildFile; fileRef = 81AB9BB72411601600AC10FF /* LaunchScreen.storyboard */; };
		CD19138F76B54E4A82255950 /* Poppins-Black.ttf in Resources */ = {isa = PBXBuildFile; fileRef = 14E200560E464660B0B9058D /* Poppins-Black.ttf */; };
		B6266CC60C49437CB0450D97 /* Poppins-BlackItalic.ttf in Resources */ = {isa = PBXBuildFile; fileRef = 7424C0210E214016869D8696 /* Poppins-BlackItalic.ttf */; };
		3B4696E92AA94B6BBCBDC18A /* Poppins-Bold.ttf in Resources */ = {isa = PBXBuildFile; fileRef = BFD72968E72A4CE18EA4FD57 /* Poppins-Bold.ttf */; };
		A26BABE6DDB44C05B1D718A8 /* Poppins-BoldItalic.ttf in Resources */ = {isa = PBXBuildFile; fileRef = 5B190C76A3994E9F863194AA /* Poppins-BoldItalic.ttf */; };
		8A5D421EF233442EA4ADADAF /* Poppins-ExtraBold.ttf in Resources */ = {isa = PBXBuildFile; fileRef = 0833BC0F5E664116A878BD27 /* Poppins-ExtraBold.ttf */; };
		8B6C4B19C79143D78D6D7134 /* Poppins-ExtraBoldItalic.ttf in Resources */ = {isa = PBXBuildFile; fileRef = E12FE6EAAC3448089BC744E9 /* Poppins-ExtraBoldItalic.ttf */; };
		D01E19BA2A1C46FEBE6FE0D1 /* Poppins-ExtraLight.ttf in Resources */ = {isa = PBXBuildFile; fileRef = AC833FC944BF4ABF8BABCDD1 /* Poppins-ExtraLight.ttf */; };
		4F727FDFFD964DA085B63007 /* Poppins-ExtraLightItalic.ttf in Resources */ = {isa = PBXBuildFile; fileRef = 82022B8B337A42FB9EBF7295 /* Poppins-ExtraLightItalic.ttf */; };
		4652E2CCD65E4D899E9AC4DF /* Poppins-Italic.ttf in Resources */ = {isa = PBXBuildFile; fileRef = 742C17A3C0674748B367219B /* Poppins-Italic.ttf */; };
		93F2C755741949B5B1CF448D /* Poppins-Light.ttf in Resources */ = {isa = PBXBuildFile; fileRef = 42E733275B1A435EA3B640D5 /* Poppins-Light.ttf */; };
		BA348BBD4AA24701AB533125 /* Poppins-LightItalic.ttf in Resources */ = {isa = PBXBuildFile; fileRef = 6B521B5716544DEEB8235005 /* Poppins-LightItalic.ttf */; };
		E23E4EFADAD944239210807E /* Poppins-Medium.ttf in Resources */ = {isa = PBXBuildFile; fileRef = 5F004E8034CF494681B745D2 /* Poppins-Medium.ttf */; };
		C54ECA4C64914F2492B061B3 /* Poppins-MediumItalic.ttf in Resources */ = {isa = PBXBuildFile; fileRef = F25F28FE782A42BBA0994423 /* Poppins-MediumItalic.ttf */; };
		E611EBDD6F9A42C597C14F57 /* Poppins-Regular.ttf in Resources */ = {isa = PBXBuildFile; fileRef = F60C5391DF104DEE92EA2B85 /* Poppins-Regular.ttf */; };
		E8975A6060DB43E487E1E739 /* Poppins-SemiBold.ttf in Resources */ = {isa = PBXBuildFile; fileRef = 1D379EDAC8A4406AA7FC3FAC /* Poppins-SemiBold.ttf */; };
		5B4BD12B239B416CB0DC4078 /* Poppins-SemiBoldItalic.ttf in Resources */ = {isa = PBXBuildFile; fileRef = 66C7C311368949B2BD3CCDF0 /* Poppins-SemiBoldItalic.ttf */; };
		E34EBCD3106F4C1A86ABD9B5 /* Poppins-Thin.ttf in Resources */ = {isa = PBXBuildFile; fileRef = 4EB40F577C36488493B699E4 /* Poppins-Thin.ttf */; };
		AE234C27B0254F88A1F5A2AB /* Poppins-ThinItalic.ttf in Resources */ = {isa = PBXBuildFile; fileRef = B2DEDC70F53945808CF4791B /* Poppins-ThinItalic.ttf */; };
		D9CD9D3A06244F419234EBEF /* AntDesign.ttf in Resources */ = {isa = PBXBuildFile; fileRef = 947BB8BA8FCD4CC39845CF28 /* AntDesign.ttf */; };
		327ED8BAC2354B39A431D58A /* Entypo.ttf in Resources */ = {isa = PBXBuildFile; fileRef = CDD363028F8B41F98BEC4FA0 /* Entypo.ttf */; };
		931D2B30ACC04E4B98715969 /* EvilIcons.ttf in Resources */ = {isa = PBXBuildFile; fileRef = 3FA3B75AF50C444BBDD1E727 /* EvilIcons.ttf */; };
		013C84A419714E3ABAC55098 /* Feather.ttf in Resources */ = {isa = PBXBuildFile; fileRef = 417DE9219A3442A9A2B82A15 /* Feather.ttf */; };
		E38379A03D004BC8ADCC5AF9 /* FontAwesome.ttf in Resources */ = {isa = PBXBuildFile; fileRef = ADC1E2CF34F14627973ED416 /* FontAwesome.ttf */; };
		0AC28FCCA32143C5ADA5C21B /* FontAwesome5_Brands.ttf in Resources */ = {isa = PBXBuildFile; fileRef = C20255A3294847228141C111 /* FontAwesome5_Brands.ttf */; };
		0AE304EB93564EFE942BF831 /* FontAwesome5_Regular.ttf in Resources */ = {isa = PBXBuildFile; fileRef = F318397015DA42BEBA92B7DB /* FontAwesome5_Regular.ttf */; };
		1324E696FE884239B4889990 /* FontAwesome5_Solid.ttf in Resources */ = {isa = PBXBuildFile; fileRef = 595D968406C84F0EA1F7E8A2 /* FontAwesome5_Solid.ttf */; };
		6180978B49F7458B896569BC /* Fontisto.ttf in Resources */ = {isa = PBXBuildFile; fileRef = D885B1F98F1446E08338D46A /* Fontisto.ttf */; };
		10546E15CCD94FA0AC2B524F /* Foundation.ttf in Resources */ = {isa = PBXBuildFile; fileRef = 8472B065A9574605AD4488FD /* Foundation.ttf */; };
		F6E8BCB942694DAD8859D607 /* Ionicons.ttf in Resources */ = {isa = PBXBuildFile; fileRef = 640B2D4E5A7B421A9C613947 /* Ionicons.ttf */; };
		80DA7CA8D3A642878C5A4493 /* MaterialCommunityIcons.ttf in Resources */ = {isa = PBXBuildFile; fileRef = 5269B784B4C24E008560D84A /* MaterialCommunityIcons.ttf */; };
		9E03CC6AA4614367BEBB9791 /* MaterialIcons.ttf in Resources */ = {isa = PBXBuildFile; fileRef = 77301EE23DDE4413BF5F3D25 /* MaterialIcons.ttf */; };
		1E5AD1D28EDD4F1EB52FCB50 /* Octicons.ttf in Resources */ = {isa = PBXBuildFile; fileRef = 99FA8AABF11144D58CA1C2F9 /* Octicons.ttf */; };
		D707D8C4CFC14E2FB8418286 /* SimpleLineIcons.ttf in Resources */ = {isa = PBXBuildFile; fileRef = F3A9280C42884AB28CA5931B /* SimpleLineIcons.ttf */; };
		12F59E341A9B42DAA8C92286 /* Zocial.ttf in Resources */ = {isa = PBXBuildFile; fileRef = 84BC523E769348229C9A4C18 /* Zocial.ttf */; };
/* End PBXBuildFile section */

/* Begin PBXContainerItemProxy section */
		00E356F41AD99517003FC87E /* PBXContainerItemProxy */ = {
			isa = PBXContainerItemProxy;
			containerPortal = 83CBB9F71A601CBA00E9B192 /* Project object */;
			proxyType = 1;
			remoteGlobalIDString = 13B07F861A680F5B00A75B9A;
			remoteInfo = GSTCOMMAN;
		};
/* End PBXContainerItemProxy section */

/* Begin PBXFileReference section */
		00E356EE1AD99517003FC87E /* GSTCOMMANTests.xctest */ = {isa = PBXFileReference; explicitFileType = wrapper.cfbundle; includeInIndex = 0; path = GSTCOMMANTests.xctest; sourceTree = BUILT_PRODUCTS_DIR; };
		00E356F11AD99517003FC87E /* Info.plist */ = {isa = PBXFileReference; lastKnownFileType = text.plist.xml; path = Info.plist; sourceTree = "<group>"; };
		00E356F21AD99517003FC87E /* GSTCOMMANTests.m */ = {isa = PBXFileReference; lastKnownFileType = sourcecode.c.objc; path = GSTCOMMANTests.m; sourceTree = "<group>"; };
		0718C43A22D969AD7B1D641F /* Pods-GSTCOMMAN.release.xcconfig */ = {isa = PBXFileReference; includeInIndex = 1; lastKnownFileType = text.xcconfig; name = "Pods-GSTCOMMAN.release.xcconfig"; path = "Target Support Files/Pods-GSTCOMMAN/Pods-GSTCOMMAN.release.xcconfig"; sourceTree = "<group>"; };
		13B07F961A680F5B00A75B9A /* GSTCOMMAN.app */ = {isa = PBXFileReference; explicitFileType = wrapper.application; includeInIndex = 0; path = GSTCOMMAN.app; sourceTree = BUILT_PRODUCTS_DIR; };
		13B07FAF1A68108700A75B9A /* AppDelegate.h */ = {isa = PBXFileReference; fileEncoding = 4; lastKnownFileType = sourcecode.c.h; name = AppDelegate.h; path = GSTCOMMAN/AppDelegate.h; sourceTree = "<group>"; };
		13B07FB01A68108700A75B9A /* AppDelegate.m */ = {isa = PBXFileReference; fileEncoding = 4; lastKnownFileType = sourcecode.c.objc; name = AppDelegate.m; path = GSTCOMMAN/AppDelegate.m; sourceTree = "<group>"; };
		13B07FB51A68108700A75B9A /* Images.xcassets */ = {isa = PBXFileReference; lastKnownFileType = folder.assetcatalog; name = Images.xcassets; path = GSTCOMMAN/Images.xcassets; sourceTree = "<group>"; };
		13B07FB61A68108700A75B9A /* Info.plist */ = {isa = PBXFileReference; fileEncoding = 4; lastKnownFileType = text.plist.xml; name = Info.plist; path = GSTCOMMAN/Info.plist; sourceTree = "<group>"; };
		13B07FB71A68108700A75B9A /* main.m */ = {isa = PBXFileReference; fileEncoding = 4; lastKnownFileType = sourcecode.c.objc; name = main.m; path = GSTCOMMAN/main.m; sourceTree = "<group>"; };
		643362CC056E4CE58A032228 /* Pods-GSTCOMMAN-GSTCOMMANTests.release.xcconfig */ = {isa = PBXFileReference; includeInIndex = 1; lastKnownFileType = text.xcconfig; name = "Pods-GSTCOMMAN-GSTCOMMANTests.release.xcconfig"; path = "Target Support Files/Pods-GSTCOMMAN-GSTCOMMANTests/Pods-GSTCOMMAN-GSTCOMMANTests.release.xcconfig"; sourceTree = "<group>"; };
		81AB9BB72411601600AC10FF /* LaunchScreen.storyboard */ = {isa = PBXFileReference; fileEncoding = 4; lastKnownFileType = file.storyboard; name = LaunchScreen.storyboard; path = GSTCOMMAN/LaunchScreen.storyboard; sourceTree = "<group>"; };
		89EBFE912948194363C742A1 /* libPods-GSTCOMMAN.a */ = {isa = PBXFileReference; explicitFileType = archive.ar; includeInIndex = 0; path = "libPods-GSTCOMMAN.a"; sourceTree = BUILT_PRODUCTS_DIR; };
		C96658D64F4061582AFE69A9 /* Pods-GSTCOMMAN-GSTCOMMANTests.debug.xcconfig */ = {isa = PBXFileReference; includeInIndex = 1; lastKnownFileType = text.xcconfig; name = "Pods-GSTCOMMAN-GSTCOMMANTests.debug.xcconfig"; path = "Target Support Files/Pods-GSTCOMMAN-GSTCOMMANTests/Pods-GSTCOMMAN-GSTCOMMANTests.debug.xcconfig"; sourceTree = "<group>"; };
		D5E46E4D52D0912ABF13AFD9 /* libPods-GSTCOMMAN-GSTCOMMANTests.a */ = {isa = PBXFileReference; explicitFileType = archive.ar; includeInIndex = 0; path = "libPods-GSTCOMMAN-GSTCOMMANTests.a"; sourceTree = BUILT_PRODUCTS_DIR; };
		ED297162215061F000B7C4FE /* JavaScriptCore.framework */ = {isa = PBXFileReference; lastKnownFileType = wrapper.framework; name = JavaScriptCore.framework; path = System/Library/Frameworks/JavaScriptCore.framework; sourceTree = SDKROOT; };
		F83E2152C1F8D7201536856B /* Pods-GSTCOMMAN.debug.xcconfig */ = {isa = PBXFileReference; includeInIndex = 1; lastKnownFileType = text.xcconfig; name = "Pods-GSTCOMMAN.debug.xcconfig"; path = "Target Support Files/Pods-GSTCOMMAN/Pods-GSTCOMMAN.debug.xcconfig"; sourceTree = "<group>"; };
		14E200560E464660B0B9058D /* Poppins-Black.ttf */ = {isa = PBXFileReference; name = "Poppins-Black.ttf"; path = "../src/assets/fonts/Poppins-Black.ttf"; sourceTree = "<group>"; fileEncoding = undefined; lastKnownFileType = unknown; explicitFileType = undefined; includeInIndex = 0; };
		7424C0210E214016869D8696 /* Poppins-BlackItalic.ttf */ = {isa = PBXFileReference; name = "Poppins-BlackItalic.ttf"; path = "../src/assets/fonts/Poppins-BlackItalic.ttf"; sourceTree = "<group>"; fileEncoding = undefined; lastKnownFileType = unknown; explicitFileType = undefined; includeInIndex = 0; };
		BFD72968E72A4CE18EA4FD57 /* Poppins-Bold.ttf */ = {isa = PBXFileReference; name = "Poppins-Bold.ttf"; path = "../src/assets/fonts/Poppins-Bold.ttf"; sourceTree = "<group>"; fileEncoding = undefined; lastKnownFileType = unknown; explicitFileType = undefined; includeInIndex = 0; };
		5B190C76A3994E9F863194AA /* Poppins-BoldItalic.ttf */ = {isa = PBXFileReference; name = "Poppins-BoldItalic.ttf"; path = "../src/assets/fonts/Poppins-BoldItalic.ttf"; sourceTree = "<group>"; fileEncoding = undefined; lastKnownFileType = unknown; explicitFileType = undefined; includeInIndex = 0; };
		0833BC0F5E664116A878BD27 /* Poppins-ExtraBold.ttf */ = {isa = PBXFileReference; name = "Poppins-ExtraBold.ttf"; path = "../src/assets/fonts/Poppins-ExtraBold.ttf"; sourceTree = "<group>"; fileEncoding = undefined; lastKnownFileType = unknown; explicitFileType = undefined; includeInIndex = 0; };
		E12FE6EAAC3448089BC744E9 /* Poppins-ExtraBoldItalic.ttf */ = {isa = PBXFileReference; name = "Poppins-ExtraBoldItalic.ttf"; path = "../src/assets/fonts/Poppins-ExtraBoldItalic.ttf"; sourceTree = "<group>"; fileEncoding = undefined; lastKnownFileType = unknown; explicitFileType = undefined; includeInIndex = 0; };
		AC833FC944BF4ABF8BABCDD1 /* Poppins-ExtraLight.ttf */ = {isa = PBXFileReference; name = "Poppins-ExtraLight.ttf"; path = "../src/assets/fonts/Poppins-ExtraLight.ttf"; sourceTree = "<group>"; fileEncoding = undefined; lastKnownFileType = unknown; explicitFileType = undefined; includeInIndex = 0; };
		82022B8B337A42FB9EBF7295 /* Poppins-ExtraLightItalic.ttf */ = {isa = PBXFileReference; name = "Poppins-ExtraLightItalic.ttf"; path = "../src/assets/fonts/Poppins-ExtraLightItalic.ttf"; sourceTree = "<group>"; fileEncoding = undefined; lastKnownFileType = unknown; explicitFileType = undefined; includeInIndex = 0; };
		742C17A3C0674748B367219B /* Poppins-Italic.ttf */ = {isa = PBXFileReference; name = "Poppins-Italic.ttf"; path = "../src/assets/fonts/Poppins-Italic.ttf"; sourceTree = "<group>"; fileEncoding = undefined; lastKnownFileType = unknown; explicitFileType = undefined; includeInIndex = 0; };
		42E733275B1A435EA3B640D5 /* Poppins-Light.ttf */ = {isa = PBXFileReference; name = "Poppins-Light.ttf"; path = "../src/assets/fonts/Poppins-Light.ttf"; sourceTree = "<group>"; fileEncoding = undefined; lastKnownFileType = unknown; explicitFileType = undefined; includeInIndex = 0; };
		6B521B5716544DEEB8235005 /* Poppins-LightItalic.ttf */ = {isa = PBXFileReference; name = "Poppins-LightItalic.ttf"; path = "../src/assets/fonts/Poppins-LightItalic.ttf"; sourceTree = "<group>"; fileEncoding = undefined; lastKnownFileType = unknown; explicitFileType = undefined; includeInIndex = 0; };
		5F004E8034CF494681B745D2 /* Poppins-Medium.ttf */ = {isa = PBXFileReference; name = "Poppins-Medium.ttf"; path = "../src/assets/fonts/Poppins-Medium.ttf"; sourceTree = "<group>"; fileEncoding = undefined; lastKnownFileType = unknown; explicitFileType = undefined; includeInIndex = 0; };
		F25F28FE782A42BBA0994423 /* Poppins-MediumItalic.ttf */ = {isa = PBXFileReference; name = "Poppins-MediumItalic.ttf"; path = "../src/assets/fonts/Poppins-MediumItalic.ttf"; sourceTree = "<group>"; fileEncoding = undefined; lastKnownFileType = unknown; explicitFileType = undefined; includeInIndex = 0; };
		F60C5391DF104DEE92EA2B85 /* Poppins-Regular.ttf */ = {isa = PBXFileReference; name = "Poppins-Regular.ttf"; path = "../src/assets/fonts/Poppins-Regular.ttf"; sourceTree = "<group>"; fileEncoding = undefined; lastKnownFileType = unknown; explicitFileType = undefined; includeInIndex = 0; };
		1D379EDAC8A4406AA7FC3FAC /* Poppins-SemiBold.ttf */ = {isa = PBXFileReference; name = "Poppins-SemiBold.ttf"; path = "../src/assets/fonts/Poppins-SemiBold.ttf"; sourceTree = "<group>"; fileEncoding = undefined; lastKnownFileType = unknown; explicitFileType = undefined; includeInIndex = 0; };
		66C7C311368949B2BD3CCDF0 /* Poppins-SemiBoldItalic.ttf */ = {isa = PBXFileReference; name = "Poppins-SemiBoldItalic.ttf"; path = "../src/assets/fonts/Poppins-SemiBoldItalic.ttf"; sourceTree = "<group>"; fileEncoding = undefined; lastKnownFileType = unknown; explicitFileType = undefined; includeInIndex = 0; };
		4EB40F577C36488493B699E4 /* Poppins-Thin.ttf */ = {isa = PBXFileReference; name = "Poppins-Thin.ttf"; path = "../src/assets/fonts/Poppins-Thin.ttf"; sourceTree = "<group>"; fileEncoding = undefined; lastKnownFileType = unknown; explicitFileType = undefined; includeInIndex = 0; };
		B2DEDC70F53945808CF4791B /* Poppins-ThinItalic.ttf */ = {isa = PBXFileReference; name = "Poppins-ThinItalic.ttf"; path = "../src/assets/fonts/Poppins-ThinItalic.ttf"; sourceTree = "<group>"; fileEncoding = undefined; lastKnownFileType = unknown; explicitFileType = undefined; includeInIndex = 0; };
		947BB8BA8FCD4CC39845CF28 /* AntDesign.ttf */ = {isa = PBXFileReference; name = "AntDesign.ttf"; path = "../node_modules/react-native-vector-icons/Fonts/AntDesign.ttf"; sourceTree = "<group>"; fileEncoding = undefined; lastKnownFileType = unknown; explicitFileType = undefined; includeInIndex = 0; };
		CDD363028F8B41F98BEC4FA0 /* Entypo.ttf */ = {isa = PBXFileReference; name = "Entypo.ttf"; path = "../node_modules/react-native-vector-icons/Fonts/Entypo.ttf"; sourceTree = "<group>"; fileEncoding = undefined; lastKnownFileType = unknown; explicitFileType = undefined; includeInIndex = 0; };
		3FA3B75AF50C444BBDD1E727 /* EvilIcons.ttf */ = {isa = PBXFileReference; name = "EvilIcons.ttf"; path = "../node_modules/react-native-vector-icons/Fonts/EvilIcons.ttf"; sourceTree = "<group>"; fileEncoding = undefined; lastKnownFileType = unknown; explicitFileType = undefined; includeInIndex = 0; };
		417DE9219A3442A9A2B82A15 /* Feather.ttf */ = {isa = PBXFileReference; name = "Feather.ttf"; path = "../node_modules/react-native-vector-icons/Fonts/Feather.ttf"; sourceTree = "<group>"; fileEncoding = undefined; lastKnownFileType = unknown; explicitFileType = undefined; includeInIndex = 0; };
		ADC1E2CF34F14627973ED416 /* FontAwesome.ttf */ = {isa = PBXFileReference; name = "FontAwesome.ttf"; path = "../node_modules/react-native-vector-icons/Fonts/FontAwesome.ttf"; sourceTree = "<group>"; fileEncoding = undefined; lastKnownFileType = unknown; explicitFileType = undefined; includeInIndex = 0; };
		C20255A3294847228141C111 /* FontAwesome5_Brands.ttf */ = {isa = PBXFileReference; name = "FontAwesome5_Brands.ttf"; path = "../node_modules/react-native-vector-icons/Fonts/FontAwesome5_Brands.ttf"; sourceTree = "<group>"; fileEncoding = undefined; lastKnownFileType = unknown; explicitFileType = undefined; includeInIndex = 0; };
		F318397015DA42BEBA92B7DB /* FontAwesome5_Regular.ttf */ = {isa = PBXFileReference; name = "FontAwesome5_Regular.ttf"; path = "../node_modules/react-native-vector-icons/Fonts/FontAwesome5_Regular.ttf"; sourceTree = "<group>"; fileEncoding = undefined; lastKnownFileType = unknown; explicitFileType = undefined; includeInIndex = 0; };
		595D968406C84F0EA1F7E8A2 /* FontAwesome5_Solid.ttf */ = {isa = PBXFileReference; name = "FontAwesome5_Solid.ttf"; path = "../node_modules/react-native-vector-icons/Fonts/FontAwesome5_Solid.ttf"; sourceTree = "<group>"; fileEncoding = undefined; lastKnownFileType = unknown; explicitFileType = undefined; includeInIndex = 0; };
		D885B1F98F1446E08338D46A /* Fontisto.ttf */ = {isa = PBXFileReference; name = "Fontisto.ttf"; path = "../node_modules/react-native-vector-icons/Fonts/Fontisto.ttf"; sourceTree = "<group>"; fileEncoding = undefined; lastKnownFileType = unknown; explicitFileType = undefined; includeInIndex = 0; };
		8472B065A9574605AD4488FD /* Foundation.ttf */ = {isa = PBXFileReference; name = "Foundation.ttf"; path = "../node_modules/react-native-vector-icons/Fonts/Foundation.ttf"; sourceTree = "<group>"; fileEncoding = undefined; lastKnownFileType = unknown; explicitFileType = undefined; includeInIndex = 0; };
		640B2D4E5A7B421A9C613947 /* Ionicons.ttf */ = {isa = PBXFileReference; name = "Ionicons.ttf"; path = "../node_modules/react-native-vector-icons/Fonts/Ionicons.ttf"; sourceTree = "<group>"; fileEncoding = undefined; lastKnownFileType = unknown; explicitFileType = undefined; includeInIndex = 0; };
		5269B784B4C24E008560D84A /* MaterialCommunityIcons.ttf */ = {isa = PBXFileReference; name = "MaterialCommunityIcons.ttf"; path = "../node_modules/react-native-vector-icons/Fonts/MaterialCommunityIcons.ttf"; sourceTree = "<group>"; fileEncoding = undefined; lastKnownFileType = unknown; explicitFileType = undefined; includeInIndex = 0; };
		77301EE23DDE4413BF5F3D25 /* MaterialIcons.ttf */ = {isa = PBXFileReference; name = "MaterialIcons.ttf"; path = "../node_modules/react-native-vector-icons/Fonts/MaterialIcons.ttf"; sourceTree = "<group>"; fileEncoding = undefined; lastKnownFileType = unknown; explicitFileType = undefined; includeInIndex = 0; };
		99FA8AABF11144D58CA1C2F9 /* Octicons.ttf */ = {isa = PBXFileReference; name = "Octicons.ttf"; path = "../node_modules/react-native-vector-icons/Fonts/Octicons.ttf"; sourceTree = "<group>"; fileEncoding = undefined; lastKnownFileType = unknown; explicitFileType = undefined; includeInIndex = 0; };
		F3A9280C42884AB28CA5931B /* SimpleLineIcons.ttf */ = {isa = PBXFileReference; name = "SimpleLineIcons.ttf"; path = "../node_modules/react-native-vector-icons/Fonts/SimpleLineIcons.ttf"; sourceTree = "<group>"; fileEncoding = undefined; lastKnownFileType = unknown; explicitFileType = undefined; includeInIndex = 0; };
		84BC523E769348229C9A4C18 /* Zocial.ttf */ = {isa = PBXFileReference; name = "Zocial.ttf"; path = "../node_modules/react-native-vector-icons/Fonts/Zocial.ttf"; sourceTree = "<group>"; fileEncoding = undefined; lastKnownFileType = unknown; explicitFileType = undefined; includeInIndex = 0; };
/* End PBXFileReference section */

/* Begin PBXFrameworksBuildPhase section */
		00E356EB1AD99517003FC87E /* Frameworks */ = {
			isa = PBXFrameworksBuildPhase;
			buildActionMask = 2147483647;
			files = (
				6E8DC30E9B31187C6915C632 /* libPods-GSTCOMMAN-GSTCOMMANTests.a in Frameworks */,
			);
			runOnlyForDeploymentPostprocessing = 0;
		};
		13B07F8C1A680F5B00A75B9A /* Frameworks */ = {
			isa = PBXFrameworksBuildPhase;
			buildActionMask = 2147483647;
			files = (
				26FF029B6329AE0DD5CB898B /* libPods-GSTCOMMAN.a in Frameworks */,
			);
			runOnlyForDeploymentPostprocessing = 0;
		};
/* End PBXFrameworksBuildPhase section */

/* Begin PBXGroup section */
		00E356EF1AD99517003FC87E /* GSTCOMMANTests */ = {
			isa = PBXGroup;
			children = (
				00E356F21AD99517003FC87E /* GSTCOMMANTests.m */,
				00E356F01AD99517003FC87E /* Supporting Files */,
			);
			path = GSTCOMMANTests;
			sourceTree = "<group>";
		};
		00E356F01AD99517003FC87E /* Supporting Files */ = {
			isa = PBXGroup;
			children = (
				00E356F11AD99517003FC87E /* Info.plist */,
			);
			name = "Supporting Files";
			sourceTree = "<group>";
		};
		13B07FAE1A68108700A75B9A /* GSTCOMMAN */ = {
			isa = PBXGroup;
			children = (
				13B07FAF1A68108700A75B9A /* AppDelegate.h */,
				13B07FB01A68108700A75B9A /* AppDelegate.m */,
				13B07FB51A68108700A75B9A /* Images.xcassets */,
				13B07FB61A68108700A75B9A /* Info.plist */,
				81AB9BB72411601600AC10FF /* LaunchScreen.storyboard */,
				13B07FB71A68108700A75B9A /* main.m */,
			);
			name = GSTCOMMAN;
			sourceTree = "<group>";
		};
		2D16E6871FA4F8E400B85C8A /* Frameworks */ = {
			isa = PBXGroup;
			children = (
				ED297162215061F000B7C4FE /* JavaScriptCore.framework */,
				89EBFE912948194363C742A1 /* libPods-GSTCOMMAN.a */,
				D5E46E4D52D0912ABF13AFD9 /* libPods-GSTCOMMAN-GSTCOMMANTests.a */,
			);
			name = Frameworks;
			sourceTree = "<group>";
		};
		35B28BE093776EDB9DE07730 /* Pods */ = {
			isa = PBXGroup;
			children = (
				F83E2152C1F8D7201536856B /* Pods-GSTCOMMAN.debug.xcconfig */,
				0718C43A22D969AD7B1D641F /* Pods-GSTCOMMAN.release.xcconfig */,
				C96658D64F4061582AFE69A9 /* Pods-GSTCOMMAN-GSTCOMMANTests.debug.xcconfig */,
				643362CC056E4CE58A032228 /* Pods-GSTCOMMAN-GSTCOMMANTests.release.xcconfig */,
			);
			name = Pods;
			path = Pods;
			sourceTree = "<group>";
		};
		832341AE1AAA6A7D00B99B32 /* Libraries */ = {
			isa = PBXGroup;
			children = (
			);
			name = Libraries;
			sourceTree = "<group>";
		};
		83CBB9F61A601CBA00E9B192 = {
			isa = PBXGroup;
			children = (
				13B07FAE1A68108700A75B9A /* GSTCOMMAN */,
				832341AE1AAA6A7D00B99B32 /* Libraries */,
				00E356EF1AD99517003FC87E /* GSTCOMMANTests */,
				83CBBA001A601CBA00E9B192 /* Products */,
				2D16E6871FA4F8E400B85C8A /* Frameworks */,
				35B28BE093776EDB9DE07730 /* Pods */,
				3D72DF31CBF94887845D261E /* Resources */,
			);
			indentWidth = 2;
			sourceTree = "<group>";
			tabWidth = 2;
			usesTabs = 0;
		};
		83CBBA001A601CBA00E9B192 /* Products */ = {
			isa = PBXGroup;
			children = (
				13B07F961A680F5B00A75B9A /* GSTCOMMAN.app */,
				00E356EE1AD99517003FC87E /* GSTCOMMANTests.xctest */,
			);
			name = Products;
			sourceTree = "<group>";
		};
		3D72DF31CBF94887845D261E /* Resources */ = {
			isa = "PBXGroup";
			children = (
				14E200560E464660B0B9058D /* Poppins-Black.ttf */,
				7424C0210E214016869D8696 /* Poppins-BlackItalic.ttf */,
				BFD72968E72A4CE18EA4FD57 /* Poppins-Bold.ttf */,
				5B190C76A3994E9F863194AA /* Poppins-BoldItalic.ttf */,
				0833BC0F5E664116A878BD27 /* Poppins-ExtraBold.ttf */,
				E12FE6EAAC3448089BC744E9 /* Poppins-ExtraBoldItalic.ttf */,
				AC833FC944BF4ABF8BABCDD1 /* Poppins-ExtraLight.ttf */,
				82022B8B337A42FB9EBF7295 /* Poppins-ExtraLightItalic.ttf */,
				742C17A3C0674748B367219B /* Poppins-Italic.ttf */,
				42E733275B1A435EA3B640D5 /* Poppins-Light.ttf */,
				6B521B5716544DEEB8235005 /* Poppins-LightItalic.ttf */,
				5F004E8034CF494681B745D2 /* Poppins-Medium.ttf */,
				F25F28FE782A42BBA0994423 /* Poppins-MediumItalic.ttf */,
				F60C5391DF104DEE92EA2B85 /* Poppins-Regular.ttf */,
				1D379EDAC8A4406AA7FC3FAC /* Poppins-SemiBold.ttf */,
				66C7C311368949B2BD3CCDF0 /* Poppins-SemiBoldItalic.ttf */,
				4EB40F577C36488493B699E4 /* Poppins-Thin.ttf */,
				B2DEDC70F53945808CF4791B /* Poppins-ThinItalic.ttf */,
				947BB8BA8FCD4CC39845CF28 /* AntDesign.ttf */,
				CDD363028F8B41F98BEC4FA0 /* Entypo.ttf */,
				3FA3B75AF50C444BBDD1E727 /* EvilIcons.ttf */,
				417DE9219A3442A9A2B82A15 /* Feather.ttf */,
				ADC1E2CF34F14627973ED416 /* FontAwesome.ttf */,
				C20255A3294847228141C111 /* FontAwesome5_Brands.ttf */,
				F318397015DA42BEBA92B7DB /* FontAwesome5_Regular.ttf */,
				595D968406C84F0EA1F7E8A2 /* FontAwesome5_Solid.ttf */,
				D885B1F98F1446E08338D46A /* Fontisto.ttf */,
				8472B065A9574605AD4488FD /* Foundation.ttf */,
				640B2D4E5A7B421A9C613947 /* Ionicons.ttf */,
				5269B784B4C24E008560D84A /* MaterialCommunityIcons.ttf */,
				77301EE23DDE4413BF5F3D25 /* MaterialIcons.ttf */,
				99FA8AABF11144D58CA1C2F9 /* Octicons.ttf */,
				F3A9280C42884AB28CA5931B /* SimpleLineIcons.ttf */,
				84BC523E769348229C9A4C18 /* Zocial.ttf */,
			);
			name = Resources;
			sourceTree = "<group>";
			path = "";
		};
/* End PBXGroup section */

/* Begin PBXNativeTarget section */
		00E356ED1AD99517003FC87E /* GSTCOMMANTests */ = {
			isa = PBXNativeTarget;
			buildConfigurationList = 00E357021AD99517003FC87E /* Build configuration list for PBXNativeTarget "GSTCOMMANTests" */;
			buildPhases = (
				284996AFBF38AFD95909851F /* [CP] Check Pods Manifest.lock */,
				00E356EA1AD99517003FC87E /* Sources */,
				00E356EB1AD99517003FC87E /* Frameworks */,
				00E356EC1AD99517003FC87E /* Resources */,
				2F4D2095D748B2A8D11554B0 /* [CP] Embed Pods Frameworks */,
				129973979098239E89C0F5CB /* [CP] Copy Pods Resources */,
			);
			buildRules = (
			);
			dependencies = (
				00E356F51AD99517003FC87E /* PBXTargetDependency */,
			);
			name = GSTCOMMANTests;
			productName = GSTCOMMANTests;
			productReference = 00E356EE1AD99517003FC87E /* GSTCOMMANTests.xctest */;
			productType = "com.apple.product-type.bundle.unit-test";
		};
		13B07F861A680F5B00A75B9A /* GSTCOMMAN */ = {
			isa = PBXNativeTarget;
			buildConfigurationList = 13B07F931A680F5B00A75B9A /* Build configuration list for PBXNativeTarget "GSTCOMMAN" */;
			buildPhases = (
				51549064278E6E3710ABDEB2 /* [CP] Check Pods Manifest.lock */,
				FD10A7F022414F080027D42C /* Start Packager */,
				13B07F871A680F5B00A75B9A /* Sources */,
				13B07F8C1A680F5B00A75B9A /* Frameworks */,
				13B07F8E1A680F5B00A75B9A /* Resources */,
				00DD1BFF1BD5951E006B06BC /* Bundle React Native code and images */,
				D9553E5E2D247CE3710B7084 /* [CP] Embed Pods Frameworks */,
				B2CC23902EF99ECBFB9F91D1 /* [CP] Copy Pods Resources */,
			);
			buildRules = (
			);
			dependencies = (
			);
			name = GSTCOMMAN;
			productName = GSTCOMMAN;
			productReference = 13B07F961A680F5B00A75B9A /* GSTCOMMAN.app */;
			productType = "com.apple.product-type.application";
		};
/* End PBXNativeTarget section */

/* Begin PBXProject section */
		83CBB9F71A601CBA00E9B192 /* Project object */ = {
			isa = PBXProject;
			attributes = {
				LastUpgradeCheck = 1210;
				TargetAttributes = {
					00E356ED1AD99517003FC87E = {
						CreatedOnToolsVersion = 6.2;
						TestTargetID = 13B07F861A680F5B00A75B9A;
					};
					13B07F861A680F5B00A75B9A = {
						LastSwiftMigration = 1120;
					};
				};
			};
			buildConfigurationList = 83CBB9FA1A601CBA00E9B192 /* Build configuration list for PBXProject "GSTCOMMAN" */;
			compatibilityVersion = "Xcode 12.0";
			developmentRegion = en;
			hasScannedForEncodings = 0;
			knownRegions = (
				en,
				Base,
			);
			mainGroup = 83CBB9F61A601CBA00E9B192;
			productRefGroup = 83CBBA001A601CBA00E9B192 /* Products */;
			projectDirPath = "";
			projectRoot = "";
			targets = (
				13B07F861A680F5B00A75B9A /* GSTCOMMAN */,
				00E356ED1AD99517003FC87E /* GSTCOMMANTests */,
			);
		};
/* End PBXProject section */

/* Begin PBXResourcesBuildPhase section */
		00E356EC1AD99517003FC87E /* Resources */ = {
			isa = PBXResourcesBuildPhase;
			buildActionMask = 2147483647;
			files = (
			);
			runOnlyForDeploymentPostprocessing = 0;
		};
		13B07F8E1A680F5B00A75B9A /* Resources */ = {
			isa = PBXResourcesBuildPhase;
			buildActionMask = 2147483647;
			files = (
				81AB9BB82411601600AC10FF /* LaunchScreen.storyboard in Resources */,
				13B07FBF1A68108700A75B9A /* Images.xcassets in Resources */,
				CD19138F76B54E4A82255950 /* Poppins-Black.ttf in Resources */,
				B6266CC60C49437CB0450D97 /* Poppins-BlackItalic.ttf in Resources */,
				3B4696E92AA94B6BBCBDC18A /* Poppins-Bold.ttf in Resources */,
				A26BABE6DDB44C05B1D718A8 /* Poppins-BoldItalic.ttf in Resources */,
				8A5D421EF233442EA4ADADAF /* Poppins-ExtraBold.ttf in Resources */,
				8B6C4B19C79143D78D6D7134 /* Poppins-ExtraBoldItalic.ttf in Resources */,
				D01E19BA2A1C46FEBE6FE0D1 /* Poppins-ExtraLight.ttf in Resources */,
				4F727FDFFD964DA085B63007 /* Poppins-ExtraLightItalic.ttf in Resources */,
				4652E2CCD65E4D899E9AC4DF /* Poppins-Italic.ttf in Resources */,
				93F2C755741949B5B1CF448D /* Poppins-Light.ttf in Resources */,
				BA348BBD4AA24701AB533125 /* Poppins-LightItalic.ttf in Resources */,
				E23E4EFADAD944239210807E /* Poppins-Medium.ttf in Resources */,
				C54ECA4C64914F2492B061B3 /* Poppins-MediumItalic.ttf in Resources */,
				E611EBDD6F9A42C597C14F57 /* Poppins-Regular.ttf in Resources */,
				E8975A6060DB43E487E1E739 /* Poppins-SemiBold.ttf in Resources */,
				5B4BD12B239B416CB0DC4078 /* Poppins-SemiBoldItalic.ttf in Resources */,
				E34EBCD3106F4C1A86ABD9B5 /* Poppins-Thin.ttf in Resources */,
				AE234C27B0254F88A1F5A2AB /* Poppins-ThinItalic.ttf in Resources */,
				D9CD9D3A06244F419234EBEF /* AntDesign.ttf in Resources */,
				327ED8BAC2354B39A431D58A /* Entypo.ttf in Resources */,
				931D2B30ACC04E4B98715969 /* EvilIcons.ttf in Resources */,
				013C84A419714E3ABAC55098 /* Feather.ttf in Resources */,
				E38379A03D004BC8ADCC5AF9 /* FontAwesome.ttf in Resources */,
				0AC28FCCA32143C5ADA5C21B /* FontAwesome5_Brands.ttf in Resources */,
				0AE304EB93564EFE942BF831 /* FontAwesome5_Regular.ttf in Resources */,
				1324E696FE884239B4889990 /* FontAwesome5_Solid.ttf in Resources */,
				6180978B49F7458B896569BC /* Fontisto.ttf in Resources */,
				10546E15CCD94FA0AC2B524F /* Foundation.ttf in Resources */,
				F6E8BCB942694DAD8859D607 /* Ionicons.ttf in Resources */,
				80DA7CA8D3A642878C5A4493 /* MaterialCommunityIcons.ttf in Resources */,
				9E03CC6AA4614367BEBB9791 /* MaterialIcons.ttf in Resources */,
				1E5AD1D28EDD4F1EB52FCB50 /* Octicons.ttf in Resources */,
				D707D8C4CFC14E2FB8418286 /* SimpleLineIcons.ttf in Resources */,
				12F59E341A9B42DAA8C92286 /* Zocial.ttf in Resources */,
			);
			runOnlyForDeploymentPostprocessing = 0;
		};
/* End PBXResourcesBuildPhase section */

/* Begin PBXShellScriptBuildPhase section */
		00DD1BFF1BD5951E006B06BC /* Bundle React Native code and images */ = {
			isa = PBXShellScriptBuildPhase;
			buildActionMask = 2147483647;
			files = (
			);
			inputPaths = (
			);
			name = "Bundle React Native code and images";
			outputPaths = (
			);
			runOnlyForDeploymentPostprocessing = 0;
			shellPath = /bin/sh;
			shellScript = "set -e\n\nexport NODE_BINARY=node\n../node_modules/react-native/scripts/react-native-xcode.sh\n";
		};
		129973979098239E89C0F5CB /* [CP] Copy Pods Resources */ = {
			isa = PBXShellScriptBuildPhase;
			buildActionMask = 2147483647;
			files = (
			);
			inputFileListPaths = (
				"${PODS_ROOT}/Target Support Files/Pods-GSTCOMMAN-GSTCOMMANTests/Pods-GSTCOMMAN-GSTCOMMANTests-resources-${CONFIGURATION}-input-files.xcfilelist",
			);
			name = "[CP] Copy Pods Resources";
			outputFileListPaths = (
				"${PODS_ROOT}/Target Support Files/Pods-GSTCOMMAN-GSTCOMMANTests/Pods-GSTCOMMAN-GSTCOMMANTests-resources-${CONFIGURATION}-output-files.xcfilelist",
			);
			runOnlyForDeploymentPostprocessing = 0;
			shellPath = /bin/sh;
			shellScript = "\"${PODS_ROOT}/Target Support Files/Pods-GSTCOMMAN-GSTCOMMANTests/Pods-GSTCOMMAN-GSTCOMMANTests-resources.sh\"\n";
			showEnvVarsInLog = 0;
		};
		284996AFBF38AFD95909851F /* [CP] Check Pods Manifest.lock */ = {
			isa = PBXShellScriptBuildPhase;
			buildActionMask = 2147483647;
			files = (
			);
			inputFileListPaths = (
			);
			inputPaths = (
				"${PODS_PODFILE_DIR_PATH}/Podfile.lock",
				"${PODS_ROOT}/Manifest.lock",
			);
			name = "[CP] Check Pods Manifest.lock";
			outputFileListPaths = (
			);
			outputPaths = (
				"$(DERIVED_FILE_DIR)/Pods-GSTCOMMAN-GSTCOMMANTests-checkManifestLockResult.txt",
			);
			runOnlyForDeploymentPostprocessing = 0;
			shellPath = /bin/sh;
			shellScript = "diff \"${PODS_PODFILE_DIR_PATH}/Podfile.lock\" \"${PODS_ROOT}/Manifest.lock\" > /dev/null\nif [ $? != 0 ] ; then\n    # print error to STDERR\n    echo \"error: The sandbox is not in sync with the Podfile.lock. Run 'pod install' or update your CocoaPods installation.\" >&2\n    exit 1\nfi\n# This output is used by Xcode 'outputs' to avoid re-running this script phase.\necho \"SUCCESS\" > \"${SCRIPT_OUTPUT_FILE_0}\"\n";
			showEnvVarsInLog = 0;
		};
		2F4D2095D748B2A8D11554B0 /* [CP] Embed Pods Frameworks */ = {
			isa = PBXShellScriptBuildPhase;
			buildActionMask = 2147483647;
			files = (
			);
			inputFileListPaths = (
				"${PODS_ROOT}/Target Support Files/Pods-GSTCOMMAN-GSTCOMMANTests/Pods-GSTCOMMAN-GSTCOMMANTests-frameworks-${CONFIGURATION}-input-files.xcfilelist",
			);
			name = "[CP] Embed Pods Frameworks";
			outputFileListPaths = (
				"${PODS_ROOT}/Target Support Files/Pods-GSTCOMMAN-GSTCOMMANTests/Pods-GSTCOMMAN-GSTCOMMANTests-frameworks-${CONFIGURATION}-output-files.xcfilelist",
			);
			runOnlyForDeploymentPostprocessing = 0;
			shellPath = /bin/sh;
			shellScript = "\"${PODS_ROOT}/Target Support Files/Pods-GSTCOMMAN-GSTCOMMANTests/Pods-GSTCOMMAN-GSTCOMMANTests-frameworks.sh\"\n";
			showEnvVarsInLog = 0;
		};
		51549064278E6E3710ABDEB2 /* [CP] Check Pods Manifest.lock */ = {
			isa = PBXShellScriptBuildPhase;
			buildActionMask = 2147483647;
			files = (
			);
			inputFileListPaths = (
			);
			inputPaths = (
				"${PODS_PODFILE_DIR_PATH}/Podfile.lock",
				"${PODS_ROOT}/Manifest.lock",
			);
			name = "[CP] Check Pods Manifest.lock";
			outputFileListPaths = (
			);
			outputPaths = (
				"$(DERIVED_FILE_DIR)/Pods-GSTCOMMAN-checkManifestLockResult.txt",
			);
			runOnlyForDeploymentPostprocessing = 0;
			shellPath = /bin/sh;
			shellScript = "diff \"${PODS_PODFILE_DIR_PATH}/Podfile.lock\" \"${PODS_ROOT}/Manifest.lock\" > /dev/null\nif [ $? != 0 ] ; then\n    # print error to STDERR\n    echo \"error: The sandbox is not in sync with the Podfile.lock. Run 'pod install' or update your CocoaPods installation.\" >&2\n    exit 1\nfi\n# This output is used by Xcode 'outputs' to avoid re-running this script phase.\necho \"SUCCESS\" > \"${SCRIPT_OUTPUT_FILE_0}\"\n";
			showEnvVarsInLog = 0;
		};
		B2CC23902EF99ECBFB9F91D1 /* [CP] Copy Pods Resources */ = {
			isa = PBXShellScriptBuildPhase;
			buildActionMask = 2147483647;
			files = (
			);
			inputFileListPaths = (
				"${PODS_ROOT}/Target Support Files/Pods-GSTCOMMAN/Pods-GSTCOMMAN-resources-${CONFIGURATION}-input-files.xcfilelist",
			);
			name = "[CP] Copy Pods Resources";
			outputFileListPaths = (
				"${PODS_ROOT}/Target Support Files/Pods-GSTCOMMAN/Pods-GSTCOMMAN-resources-${CONFIGURATION}-output-files.xcfilelist",
			);
			runOnlyForDeploymentPostprocessing = 0;
			shellPath = /bin/sh;
			shellScript = "\"${PODS_ROOT}/Target Support Files/Pods-GSTCOMMAN/Pods-GSTCOMMAN-resources.sh\"\n";
			showEnvVarsInLog = 0;
		};
		D9553E5E2D247CE3710B7084 /* [CP] Embed Pods Frameworks */ = {
			isa = PBXShellScriptBuildPhase;
			buildActionMask = 2147483647;
			files = (
			);
			inputFileListPaths = (
				"${PODS_ROOT}/Target Support Files/Pods-GSTCOMMAN/Pods-GSTCOMMAN-frameworks-${CONFIGURATION}-input-files.xcfilelist",
			);
			name = "[CP] Embed Pods Frameworks";
			outputFileListPaths = (
				"${PODS_ROOT}/Target Support Files/Pods-GSTCOMMAN/Pods-GSTCOMMAN-frameworks-${CONFIGURATION}-output-files.xcfilelist",
			);
			runOnlyForDeploymentPostprocessing = 0;
			shellPath = /bin/sh;
			shellScript = "\"${PODS_ROOT}/Target Support Files/Pods-GSTCOMMAN/Pods-GSTCOMMAN-frameworks.sh\"\n";
			showEnvVarsInLog = 0;
		};
		FD10A7F022414F080027D42C /* Start Packager */ = {
			isa = PBXShellScriptBuildPhase;
			buildActionMask = 2147483647;
			files = (
			);
			inputFileListPaths = (
			);
			inputPaths = (
			);
			name = "Start Packager";
			outputFileListPaths = (
			);
			outputPaths = (
			);
			runOnlyForDeploymentPostprocessing = 0;
			shellPath = /bin/sh;
			shellScript = "export RCT_METRO_PORT=\"${RCT_METRO_PORT:=8081}\"\necho \"export RCT_METRO_PORT=${RCT_METRO_PORT}\" > \"${SRCROOT}/../node_modules/react-native/scripts/.packager.env\"\nif [ -z \"${RCT_NO_LAUNCH_PACKAGER+xxx}\" ] ; then\n  if nc -w 5 -z localhost ${RCT_METRO_PORT} ; then\n    if ! curl -s \"http://localhost:${RCT_METRO_PORT}/status\" | grep -q \"packager-status:running\" ; then\n      echo \"Port ${RCT_METRO_PORT} already in use, packager is either not running or not running correctly\"\n      exit 2\n    fi\n  else\n    open \"$SRCROOT/../node_modules/react-native/scripts/launchPackager.command\" || echo \"Can't start packager automatically\"\n  fi\nfi\n";
			showEnvVarsInLog = 0;
		};
/* End PBXShellScriptBuildPhase section */

/* Begin PBXSourcesBuildPhase section */
		00E356EA1AD99517003FC87E /* Sources */ = {
			isa = PBXSourcesBuildPhase;
			buildActionMask = 2147483647;
			files = (
				00E356F31AD99517003FC87E /* GSTCOMMANTests.m in Sources */,
			);
			runOnlyForDeploymentPostprocessing = 0;
		};
		13B07F871A680F5B00A75B9A /* Sources */ = {
			isa = PBXSourcesBuildPhase;
			buildActionMask = 2147483647;
			files = (
				13B07FBC1A68108700A75B9A /* AppDelegate.m in Sources */,
				13B07FC11A68108700A75B9A /* main.m in Sources */,
			);
			runOnlyForDeploymentPostprocessing = 0;
		};
/* End PBXSourcesBuildPhase section */

/* Begin PBXTargetDependency section */
		00E356F51AD99517003FC87E /* PBXTargetDependency */ = {
			isa = PBXTargetDependency;
			target = 13B07F861A680F5B00A75B9A /* GSTCOMMAN */;
			targetProxy = 00E356F41AD99517003FC87E /* PBXContainerItemProxy */;
		};
/* End PBXTargetDependency section */

/* Begin XCBuildConfiguration section */
		00E356F61AD99517003FC87E /* Debug */ = {
			isa = XCBuildConfiguration;
			baseConfigurationReference = C96658D64F4061582AFE69A9 /* Pods-GSTCOMMAN-GSTCOMMANTests.debug.xcconfig */;
			buildSettings = {
				BUNDLE_LOADER = "$(TEST_HOST)";
				GCC_PREPROCESSOR_DEFINITIONS = (
					"DEBUG=1",
					"$(inherited)",
				);
				INFOPLIST_FILE = GSTCOMMANTests/Info.plist;
				IPHONEOS_DEPLOYMENT_TARGET = 10.0;
				LD_RUNPATH_SEARCH_PATHS = (
					"$(inherited)",
					"@executable_path/Frameworks",
					"@loader_path/Frameworks",
				);
				OTHER_LDFLAGS = (
					"-ObjC",
					"-lc++",
					"$(inherited)",
				);
				PRODUCT_BUNDLE_IDENTIFIER = "org.reactjs.native.example.$(PRODUCT_NAME:rfc1034identifier)";
				PRODUCT_NAME = "$(TARGET_NAME)";
				TEST_HOST = "$(BUILT_PRODUCTS_DIR)/GSTCOMMAN.app/GSTCOMMAN";
			};
			name = Debug;
		};
		00E356F71AD99517003FC87E /* Release */ = {
			isa = XCBuildConfiguration;
			baseConfigurationReference = 643362CC056E4CE58A032228 /* Pods-GSTCOMMAN-GSTCOMMANTests.release.xcconfig */;
			buildSettings = {
				BUNDLE_LOADER = "$(TEST_HOST)";
				COPY_PHASE_STRIP = NO;
				INFOPLIST_FILE = GSTCOMMANTests/Info.plist;
				IPHONEOS_DEPLOYMENT_TARGET = 10.0;
				LD_RUNPATH_SEARCH_PATHS = (
					"$(inherited)",
					"@executable_path/Frameworks",
					"@loader_path/Frameworks",
				);
				OTHER_LDFLAGS = (
					"-ObjC",
					"-lc++",
					"$(inherited)",
				);
				PRODUCT_BUNDLE_IDENTIFIER = "org.reactjs.native.example.$(PRODUCT_NAME:rfc1034identifier)";
				PRODUCT_NAME = "$(TARGET_NAME)";
				TEST_HOST = "$(BUILT_PRODUCTS_DIR)/GSTCOMMAN.app/GSTCOMMAN";
			};
			name = Release;
		};
		13B07F941A680F5B00A75B9A /* Debug */ = {
			isa = XCBuildConfiguration;
			baseConfigurationReference = F83E2152C1F8D7201536856B /* Pods-GSTCOMMAN.debug.xcconfig */;
			buildSettings = {
				ASSETCATALOG_COMPILER_APPICON_NAME = AppIcon;
				CLANG_ENABLE_MODULES = YES;
				CURRENT_PROJECT_VERSION = 1;
				ENABLE_BITCODE = NO;
				INFOPLIST_FILE = GSTCOMMAN/Info.plist;
				LD_RUNPATH_SEARCH_PATHS = (
					"$(inherited)",
					"@executable_path/Frameworks",
				);
				OTHER_LDFLAGS = (
					"$(inherited)",
					"-ObjC",
					"-lc++",
				);
				PRODUCT_BUNDLE_IDENTIFIER = "org.reactjs.native.example.$(PRODUCT_NAME:rfc1034identifier)";
				PRODUCT_NAME = GSTCOMMAN;
				SWIFT_OPTIMIZATION_LEVEL = "-Onone";
				SWIFT_VERSION = 5.0;
				VERSIONING_SYSTEM = "apple-generic";
			};
			name = Debug;
		};
		13B07F951A680F5B00A75B9A /* Release */ = {
			isa = XCBuildConfiguration;
			baseConfigurationReference = 0718C43A22D969AD7B1D641F /* Pods-GSTCOMMAN.release.xcconfig */;
			buildSettings = {
				ASSETCATALOG_COMPILER_APPICON_NAME = AppIcon;
				CLANG_ENABLE_MODULES = YES;
				CURRENT_PROJECT_VERSION = 1;
				INFOPLIST_FILE = GSTCOMMAN/Info.plist;
				LD_RUNPATH_SEARCH_PATHS = (
					"$(inherited)",
					"@executable_path/Frameworks",
				);
				OTHER_LDFLAGS = (
					"$(inherited)",
					"-ObjC",
					"-lc++",
				);
				PRODUCT_BUNDLE_IDENTIFIER = "org.reactjs.native.example.$(PRODUCT_NAME:rfc1034identifier)";
				PRODUCT_NAME = GSTCOMMAN;
				SWIFT_VERSION = 5.0;
				VERSIONING_SYSTEM = "apple-generic";
			};
			name = Release;
		};
		83CBBA201A601CBA00E9B192 /* Debug */ = {
			isa = XCBuildConfiguration;
			buildSettings = {
				ALWAYS_SEARCH_USER_PATHS = NO;
				CLANG_ANALYZER_LOCALIZABILITY_NONLOCALIZED = YES;
				CLANG_CXX_LANGUAGE_STANDARD = "gnu++0x";
				CLANG_CXX_LIBRARY = "libc++";
				CLANG_ENABLE_MODULES = YES;
				CLANG_ENABLE_OBJC_ARC = YES;
				CLANG_WARN_BLOCK_CAPTURE_AUTORELEASING = YES;
				CLANG_WARN_BOOL_CONVERSION = YES;
				CLANG_WARN_COMMA = YES;
				CLANG_WARN_CONSTANT_CONVERSION = YES;
				CLANG_WARN_DEPRECATED_OBJC_IMPLEMENTATIONS = YES;
				CLANG_WARN_DIRECT_OBJC_ISA_USAGE = YES_ERROR;
				CLANG_WARN_EMPTY_BODY = YES;
				CLANG_WARN_ENUM_CONVERSION = YES;
				CLANG_WARN_INFINITE_RECURSION = YES;
				CLANG_WARN_INT_CONVERSION = YES;
				CLANG_WARN_NON_LITERAL_NULL_CONVERSION = YES;
				CLANG_WARN_OBJC_IMPLICIT_RETAIN_SELF = YES;
				CLANG_WARN_OBJC_LITERAL_CONVERSION = YES;
				CLANG_WARN_OBJC_ROOT_CLASS = YES_ERROR;
				CLANG_WARN_QUOTED_INCLUDE_IN_FRAMEWORK_HEADER = YES;
				CLANG_WARN_RANGE_LOOP_ANALYSIS = YES;
				CLANG_WARN_STRICT_PROTOTYPES = YES;
				CLANG_WARN_SUSPICIOUS_MOVE = YES;
				CLANG_WARN_UNREACHABLE_CODE = YES;
				CLANG_WARN__DUPLICATE_METHOD_MATCH = YES;
				"CODE_SIGN_IDENTITY[sdk=iphoneos*]" = "iPhone Developer";
				COPY_PHASE_STRIP = NO;
				ENABLE_STRICT_OBJC_MSGSEND = YES;
				ENABLE_TESTABILITY = YES;
				"EXCLUDED_ARCHS[sdk=iphonesimulator*]" = "arm64 ";
				GCC_C_LANGUAGE_STANDARD = gnu99;
				GCC_DYNAMIC_NO_PIC = NO;
				GCC_NO_COMMON_BLOCKS = YES;
				GCC_OPTIMIZATION_LEVEL = 0;
				GCC_PREPROCESSOR_DEFINITIONS = (
					"DEBUG=1",
					"$(inherited)",
				);
				GCC_SYMBOLS_PRIVATE_EXTERN = NO;
				GCC_WARN_64_TO_32_BIT_CONVERSION = YES;
				GCC_WARN_ABOUT_RETURN_TYPE = YES_ERROR;
				GCC_WARN_UNDECLARED_SELECTOR = YES;
				GCC_WARN_UNINITIALIZED_AUTOS = YES_AGGRESSIVE;
				GCC_WARN_UNUSED_FUNCTION = YES;
				GCC_WARN_UNUSED_VARIABLE = YES;
				IPHONEOS_DEPLOYMENT_TARGET = 10.0;
				LD_RUNPATH_SEARCH_PATHS = (
					/usr/lib/swift,
					"$(inherited)",
				);
				LIBRARY_SEARCH_PATHS = (
					"\"$(TOOLCHAIN_DIR)/usr/lib/swift/$(PLATFORM_NAME)\"",
					"\"$(TOOLCHAIN_DIR)/usr/lib/swift-5.0/$(PLATFORM_NAME)\"",
					"\"$(inherited)\"",
				);
				MTL_ENABLE_DEBUG_INFO = YES;
				ONLY_ACTIVE_ARCH = YES;
				SDKROOT = iphoneos;
			};
			name = Debug;
		};
		83CBBA211A601CBA00E9B192 /* Release */ = {
			isa = XCBuildConfiguration;
			buildSettings = {
				ALWAYS_SEARCH_USER_PATHS = NO;
				CLANG_ANALYZER_LOCALIZABILITY_NONLOCALIZED = YES;
				CLANG_CXX_LANGUAGE_STANDARD = "gnu++0x";
				CLANG_CXX_LIBRARY = "libc++";
				CLANG_ENABLE_MODULES = YES;
				CLANG_ENABLE_OBJC_ARC = YES;
				CLANG_WARN_BLOCK_CAPTURE_AUTORELEASING = YES;
				CLANG_WARN_BOOL_CONVERSION = YES;
				CLANG_WARN_COMMA = YES;
				CLANG_WARN_CONSTANT_CONVERSION = YES;
				CLANG_WARN_DEPRECATED_OBJC_IMPLEMENTATIONS = YES;
				CLANG_WARN_DIRECT_OBJC_ISA_USAGE = YES_ERROR;
				CLANG_WARN_EMPTY_BODY = YES;
				CLANG_WARN_ENUM_CONVERSION = YES;
				CLANG_WARN_INFINITE_RECURSION = YES;
				CLANG_WARN_INT_CONVERSION = YES;
				CLANG_WARN_NON_LITERAL_NULL_CONVERSION = YES;
				CLANG_WARN_OBJC_IMPLICIT_RETAIN_SELF = YES;
				CLANG_WARN_OBJC_LITERAL_CONVERSION = YES;
				CLANG_WARN_OBJC_ROOT_CLASS = YES_ERROR;
				CLANG_WARN_QUOTED_INCLUDE_IN_FRAMEWORK_HEADER = YES;
				CLANG_WARN_RANGE_LOOP_ANALYSIS = YES;
				CLANG_WARN_STRICT_PROTOTYPES = YES;
				CLANG_WARN_SUSPICIOUS_MOVE = YES;
				CLANG_WARN_UNREACHABLE_CODE = YES;
				CLANG_WARN__DUPLICATE_METHOD_MATCH = YES;
				"CODE_SIGN_IDENTITY[sdk=iphoneos*]" = "iPhone Developer";
				COPY_PHASE_STRIP = YES;
				ENABLE_NS_ASSERTIONS = NO;
				ENABLE_STRICT_OBJC_MSGSEND = YES;
				"EXCLUDED_ARCHS[sdk=iphonesimulator*]" = "arm64 ";
				GCC_C_LANGUAGE_STANDARD = gnu99;
				GCC_NO_COMMON_BLOCKS = YES;
				GCC_WARN_64_TO_32_BIT_CONVERSION = YES;
				GCC_WARN_ABOUT_RETURN_TYPE = YES_ERROR;
				GCC_WARN_UNDECLARED_SELECTOR = YES;
				GCC_WARN_UNINITIALIZED_AUTOS = YES_AGGRESSIVE;
				GCC_WARN_UNUSED_FUNCTION = YES;
				GCC_WARN_UNUSED_VARIABLE = YES;
				IPHONEOS_DEPLOYMENT_TARGET = 10.0;
				LD_RUNPATH_SEARCH_PATHS = (
					/usr/lib/swift,
					"$(inherited)",
				);
				LIBRARY_SEARCH_PATHS = (
					"\"$(TOOLCHAIN_DIR)/usr/lib/swift/$(PLATFORM_NAME)\"",
					"\"$(TOOLCHAIN_DIR)/usr/lib/swift-5.0/$(PLATFORM_NAME)\"",
					"\"$(inherited)\"",
				);
				MTL_ENABLE_DEBUG_INFO = NO;
				SDKROOT = iphoneos;
				VALIDATE_PRODUCT = YES;
			};
			name = Release;
		};
/* End XCBuildConfiguration section */

/* Begin XCConfigurationList section */
		00E357021AD99517003FC87E /* Build configuration list for PBXNativeTarget "GSTCOMMANTests" */ = {
			isa = XCConfigurationList;
			buildConfigurations = (
				00E356F61AD99517003FC87E /* Debug */,
				00E356F71AD99517003FC87E /* Release */,
			);
			defaultConfigurationIsVisible = 0;
			defaultConfigurationName = Release;
		};
		13B07F931A680F5B00A75B9A /* Build configuration list for PBXNativeTarget "GSTCOMMAN" */ = {
			isa = XCConfigurationList;
			buildConfigurations = (
				13B07F941A680F5B00A75B9A /* Debug */,
				13B07F951A680F5B00A75B9A /* Release */,
			);
			defaultConfigurationIsVisible = 0;
			defaultConfigurationName = Release;
		};
		83CBB9FA1A601CBA00E9B192 /* Build configuration list for PBXProject "GSTCOMMAN" */ = {
			isa = XCConfigurationList;
			buildConfigurations = (
				83CBBA201A601CBA00E9B192 /* Debug */,
				83CBBA211A601CBA00E9B192 /* Release */,
			);
			defaultConfigurationIsVisible = 0;
			defaultConfigurationName = Release;
		};
/* End XCConfigurationList section */
	};
	rootObject = 83CBB9F71A601CBA00E9B192 /* Project object */;
}
